// !$*UTF8*$!
{
	archiveVersion = 1;
	classes = {
	};
	objectVersion = 50;
	objects = {

/* Begin PBXBuildFile section */
		8907AC662135216F00CEF7D7 /* SampleExpandNoteViewController.cpp in Sources */ = {isa = PBXBuildFile; fileRef = 8907AC642135216F00CEF7D7 /* SampleExpandNoteViewController.cpp */; };
		8913D17121330C1C00CEF7D7 /* ScaleViewController.cpp in Sources */ = {isa = PBXBuildFile; fileRef = 8913D16F21330C1B00CEF7D7 /* ScaleViewController.cpp */; };
		8913D17421330FAF00CEF7D7 /* ScaleSelectionView.cpp in Sources */ = {isa = PBXBuildFile; fileRef = 8913D17221330FAF00CEF7D7 /* ScaleSelectionView.cpp */; };
		891883BF2132820900CEF7D7 /* NudgeView.cpp in Sources */ = {isa = PBXBuildFile; fileRef = 891883BD2132820900CEF7D7 /* NudgeView.cpp */; };
		8964D63E212BA38400CEF7D7 /* Assets.xcassets in Resources */ = {isa = PBXBuildFile; fileRef = 8964D63D212BA38400CEF7D7 /* Assets.xcassets */; };
		8964D641212BA38400CEF7D7 /* Main.storyboard in Resources */ = {isa = PBXBuildFile; fileRef = 8964D63F212BA38400CEF7D7 /* Main.storyboard */; };
		8964D658212BA57600CEF7D7 /* librtmidi.4.dylib in Frameworks */ = {isa = PBXBuildFile; fileRef = 8964D5CB212B775000CEF7D7 /* librtmidi.4.dylib */; };
		8964D659212BA58200CEF7D7 /* CoreMIDI.framework in Frameworks */ = {isa = PBXBuildFile; fileRef = 8919C2A221293C4300CEF7D7 /* CoreMIDI.framework */; };
		8964D660212BC44900CEF7D7 /* Workspace.cpp in Sources */ = {isa = PBXBuildFile; fileRef = 8965550F212788B600CEF7D7 /* Workspace.cpp */; };
		8964D661212BC44900CEF7D7 /* SessionRunner.cpp in Sources */ = {isa = PBXBuildFile; fileRef = 8919C28E2128EAEE00CEF7D7 /* SessionRunner.cpp */; };
		8964D662212BC44900CEF7D7 /* Session.cpp in Sources */ = {isa = PBXBuildFile; fileRef = 8965550C21277C8800CEF7D7 /* Session.cpp */; };
		8964D664212BC44900CEF7D7 /* Atom.cpp in Sources */ = {isa = PBXBuildFile; fileRef = 896554FA2127443B00CEF7D7 /* Atom.cpp */; };
		8964D665212BC44900CEF7D7 /* Synth.cpp in Sources */ = {isa = PBXBuildFile; fileRef = 896555122127A26800CEF7D7 /* Synth.cpp */; };
		8964D666212BC44900CEF7D7 /* Sample.cpp in Sources */ = {isa = PBXBuildFile; fileRef = 896555182127A83800CEF7D7 /* Sample.cpp */; };
		8964D668212BC44900CEF7D7 /* Pad.cpp in Sources */ = {isa = PBXBuildFile; fileRef = 8964D5CD212B7EA100CEF7D7 /* Pad.cpp */; };
		8964D66A212BC44900CEF7D7 /* PatternView.cpp in Sources */ = {isa = PBXBuildFile; fileRef = 8964D5D4212B855100CEF7D7 /* PatternView.cpp */; };
		8964D66C212BC44900CEF7D7 /* SampleViewController.cpp in Sources */ = {isa = PBXBuildFile; fileRef = 8964D5DA212B989C00CEF7D7 /* SampleViewController.cpp */; };
		8964D66D212BC44900CEF7D7 /* CircuitView.cpp in Sources */ = {isa = PBXBuildFile; fileRef = 8964D5DD212B998700CEF7D7 /* CircuitView.cpp */; };
		8964D66E212BC44900CEF7D7 /* CircuitController.cpp in Sources */ = {isa = PBXBuildFile; fileRef = 8964D5E0212B9B6100CEF7D7 /* CircuitController.cpp */; };
		8964D670212BC44900CEF7D7 /* Bridge.cpp in Sources */ = {isa = PBXBuildFile; fileRef = 8964D65D212BBCA200CEF7D7 /* Bridge.cpp */; };
		8964D671212BC45300CEF7D7 /* AppDelegate.m in Sources */ = {isa = PBXBuildFile; fileRef = 8964D638212BA38300CEF7D7 /* AppDelegate.m */; };
		8964D672212BC45300CEF7D7 /* ViewController.m in Sources */ = {isa = PBXBuildFile; fileRef = 8964D63B212BA38300CEF7D7 /* ViewController.m */; };
		8964D673212BC45300CEF7D7 /* main.m in Sources */ = {isa = PBXBuildFile; fileRef = 8964D643212BA38400CEF7D7 /* main.m */; };
		89717CC8213721B300CEF7D7 /* SynthMain.mm in Sources */ = {isa = PBXBuildFile; fileRef = 89717CC4213721B200CEF7D7 /* SynthMain.mm */; };
		89717CCA2137224C00CEF7D7 /* CoreAudio.framework in Frameworks */ = {isa = PBXBuildFile; fileRef = 8919C2A621293C6900CEF7D7 /* CoreAudio.framework */; };
		89717CCC2137226200CEF7D7 /* AudioUnit.framework in Frameworks */ = {isa = PBXBuildFile; fileRef = 89717CCB2137226100CEF7D7 /* AudioUnit.framework */; };
		89717CCE2137264700CEF7D7 /* rom1a.syx in Resources */ = {isa = PBXBuildFile; fileRef = 89717CCD213722B200CEF7D7 /* rom1a.syx */; };
		89717D22213750AA00CEF7D7 /* env.cc in Sources */ = {isa = PBXBuildFile; fileRef = 89717D00213750A600CEF7D7 /* env.cc */; };
		89717D24213750AA00CEF7D7 /* ringbuffer.cc in Sources */ = {isa = PBXBuildFile; fileRef = 89717D02213750A600CEF7D7 /* ringbuffer.cc */; };
		89717D25213750AA00CEF7D7 /* fm_op_kernel.cc in Sources */ = {isa = PBXBuildFile; fileRef = 89717D03213750A600CEF7D7 /* fm_op_kernel.cc */; };
		89717D26213750AA00CEF7D7 /* dx7note.cc in Sources */ = {isa = PBXBuildFile; fileRef = 89717D04213750A600CEF7D7 /* dx7note.cc */; };
		89717D27213750AA00CEF7D7 /* synth_unit.cc in Sources */ = {isa = PBXBuildFile; fileRef = 89717D05213750A600CEF7D7 /* synth_unit.cc */; };
		89717D28213750AA00CEF7D7 /* fm_core.cc in Sources */ = {isa = PBXBuildFile; fileRef = 89717D06213750A700CEF7D7 /* fm_core.cc */; };
		89717D29213750AA00CEF7D7 /* lfo.cc in Sources */ = {isa = PBXBuildFile; fileRef = 89717D08213750A700CEF7D7 /* lfo.cc */; };
		89717D2A213750AA00CEF7D7 /* patch.cc in Sources */ = {isa = PBXBuildFile; fileRef = 89717D0A213750A700CEF7D7 /* patch.cc */; };
		89717D2B213750AA00CEF7D7 /* exp2.cc in Sources */ = {isa = PBXBuildFile; fileRef = 89717D0D213750A700CEF7D7 /* exp2.cc */; };
		89717D2C213750AA00CEF7D7 /* sin.cc in Sources */ = {isa = PBXBuildFile; fileRef = 89717D10213750A700CEF7D7 /* sin.cc */; };
		89717D2D213750AA00CEF7D7 /* freqlut.cc in Sources */ = {isa = PBXBuildFile; fileRef = 89717D13213750A800CEF7D7 /* freqlut.cc */; };
		89717D30213750AA00CEF7D7 /* pitchenv.cc in Sources */ = {isa = PBXBuildFile; fileRef = 89717D1D213750A900CEF7D7 /* pitchenv.cc */; };
		89A0903721309E2400CEF7D7 /* SynthGateView.cpp in Sources */ = {isa = PBXBuildFile; fileRef = 89A0903521309E2400CEF7D7 /* SynthGateView.cpp */; };
		89A0903A2130B1F800CEF7D7 /* VelocityView.cpp in Sources */ = {isa = PBXBuildFile; fileRef = 89A090382130B1F800CEF7D7 /* VelocityView.cpp */; };
		89A090402130BA5B00CEF7D7 /* LengthView.cpp in Sources */ = {isa = PBXBuildFile; fileRef = 89A0903E2130BA5B00CEF7D7 /* LengthView.cpp */; };
		89A13C2D212CBB7500CEF7D7 /* ScreenController.cpp in Sources */ = {isa = PBXBuildFile; fileRef = 89A13C2B212CBB7500CEF7D7 /* ScreenController.cpp */; };
		89A13C33212D0E0500CEF7D7 /* Scale.cpp in Sources */ = {isa = PBXBuildFile; fileRef = 89A13C31212D0E0500CEF7D7 /* Scale.cpp */; };
		89A3CF9C212DDE3900CEF7D7 /* KeyboardView.cpp in Sources */ = {isa = PBXBuildFile; fileRef = 89A3CF9A212DDE3900CEF7D7 /* KeyboardView.cpp */; };
		89A3CF9F212E1B8400CEF7D7 /* SynthViewController.cpp in Sources */ = {isa = PBXBuildFile; fileRef = 89A3CF9D212E1B8400CEF7D7 /* SynthViewController.cpp */; };
		89A3CFA2212E1ECD00CEF7D7 /* KeyboardViewController.cpp in Sources */ = {isa = PBXBuildFile; fileRef = 89A3CFA0212E1ECD00CEF7D7 /* KeyboardViewController.cpp */; };
		89E16C682135CD8A00CEF7D7 /* PatternChainViewController.cpp in Sources */ = {isa = PBXBuildFile; fileRef = 89E16C662135CD8A00CEF7D7 /* PatternChainViewController.cpp */; };
		89E16C6B2135F1CF00CEF7D7 /* SynthMicrostepDelayView.cpp in Sources */ = {isa = PBXBuildFile; fileRef = 89E16C692135F1CF00CEF7D7 /* SynthMicrostepDelayView.cpp */; };
		89E16C6E2135F57200CEF7D7 /* SynthMicrostepDelayViewController.cpp in Sources */ = {isa = PBXBuildFile; fileRef = 89E16C6C2135F57200CEF7D7 /* SynthMicrostepDelayViewController.cpp */; };
		89E16C71213616F700CEF7D7 /* DigitView.cpp in Sources */ = {isa = PBXBuildFile; fileRef = 89E16C6F213616F700CEF7D7 /* DigitView.cpp */; };
		89E16C742136210700CEF7D7 /* TempoViewController.cpp in Sources */ = {isa = PBXBuildFile; fileRef = 89E16C722136210700CEF7D7 /* TempoViewController.cpp */; };
		89E16C77213626CA00CEF7D7 /* SwingViewController.cpp in Sources */ = {isa = PBXBuildFile; fileRef = 89E16C75213626CA00CEF7D7 /* SwingViewController.cpp */; };
		89E710EE213346D900CEF7D7 /* SampleGateViewController.cpp in Sources */ = {isa = PBXBuildFile; fileRef = 89E710EC213346D900CEF7D7 /* SampleGateViewController.cpp */; };
		89E710F1213346F800CEF7D7 /* SampleGateView.cpp in Sources */ = {isa = PBXBuildFile; fileRef = 89E710EF213346F800CEF7D7 /* SampleGateView.cpp */; };
		89E710F32133473B00CEF7D7 /* SynthGateViewController.cpp in Sources */ = {isa = PBXBuildFile; fileRef = 89E710F22133473B00CEF7D7 /* SynthGateViewController.cpp */; };
		89E710F92133B49600CEF7D7 /* ChannelOutputFactory.cpp in Sources */ = {isa = PBXBuildFile; fileRef = 89E710F72133B49600CEF7D7 /* ChannelOutputFactory.cpp */; };
/* End PBXBuildFile section */

/* Begin PBXFileReference section */
		8907AC642135216F00CEF7D7 /* SampleExpandNoteViewController.cpp */ = {isa = PBXFileReference; lastKnownFileType = sourcecode.cpp.cpp; path = SampleExpandNoteViewController.cpp; sourceTree = "<group>"; };
		8907AC652135216F00CEF7D7 /* SampleExpandNoteViewController.hpp */ = {isa = PBXFileReference; lastKnownFileType = sourcecode.cpp.h; path = SampleExpandNoteViewController.hpp; sourceTree = "<group>"; };
		8913D16F21330C1B00CEF7D7 /* ScaleViewController.cpp */ = {isa = PBXFileReference; lastKnownFileType = sourcecode.cpp.cpp; path = ScaleViewController.cpp; sourceTree = "<group>"; };
		8913D17021330C1C00CEF7D7 /* ScaleViewController.hpp */ = {isa = PBXFileReference; lastKnownFileType = sourcecode.cpp.h; path = ScaleViewController.hpp; sourceTree = "<group>"; };
		8913D17221330FAF00CEF7D7 /* ScaleSelectionView.cpp */ = {isa = PBXFileReference; lastKnownFileType = sourcecode.cpp.cpp; path = ScaleSelectionView.cpp; sourceTree = "<group>"; };
		8913D17321330FAF00CEF7D7 /* ScaleSelectionView.hpp */ = {isa = PBXFileReference; lastKnownFileType = sourcecode.cpp.h; path = ScaleSelectionView.hpp; sourceTree = "<group>"; };
		891883BD2132820900CEF7D7 /* NudgeView.cpp */ = {isa = PBXFileReference; lastKnownFileType = sourcecode.cpp.cpp; path = NudgeView.cpp; sourceTree = "<group>"; };
		891883BE2132820900CEF7D7 /* NudgeView.hpp */ = {isa = PBXFileReference; lastKnownFileType = sourcecode.cpp.h; path = NudgeView.hpp; sourceTree = "<group>"; };
		891883C12132821E00CEF7D7 /* NudgeViewController.hpp */ = {isa = PBXFileReference; lastKnownFileType = sourcecode.cpp.h; path = NudgeViewController.hpp; sourceTree = "<group>"; };
		8919C28E2128EAEE00CEF7D7 /* SessionRunner.cpp */ = {isa = PBXFileReference; lastKnownFileType = sourcecode.cpp.cpp; path = SessionRunner.cpp; sourceTree = "<group>"; };
		8919C28F2128EAEE00CEF7D7 /* SessionRunner.hpp */ = {isa = PBXFileReference; lastKnownFileType = sourcecode.cpp.h; path = SessionRunner.hpp; sourceTree = "<group>"; };
		8919C2922128EB7200CEF7D7 /* ChannelRunner.hpp */ = {isa = PBXFileReference; lastKnownFileType = sourcecode.cpp.h; path = ChannelRunner.hpp; sourceTree = "<group>"; };
		8919C29B2129359400CEF7D7 /* MidiController.hpp */ = {isa = PBXFileReference; lastKnownFileType = sourcecode.cpp.h; path = MidiController.hpp; sourceTree = "<group>"; };
		8919C2A221293C4300CEF7D7 /* CoreMIDI.framework */ = {isa = PBXFileReference; lastKnownFileType = wrapper.framework; name = CoreMIDI.framework; path = System/Library/Frameworks/CoreMIDI.framework; sourceTree = SDKROOT; };
		8919C2A421293C5800CEF7D7 /* CoreFoundation.framework */ = {isa = PBXFileReference; lastKnownFileType = wrapper.framework; name = CoreFoundation.framework; path = System/Library/Frameworks/CoreFoundation.framework; sourceTree = SDKROOT; };
		8919C2A621293C6900CEF7D7 /* CoreAudio.framework */ = {isa = PBXFileReference; lastKnownFileType = wrapper.framework; name = CoreAudio.framework; path = System/Library/Frameworks/CoreAudio.framework; sourceTree = SDKROOT; };
		895E1CC52134675100CEF7D7 /* ThreadSafeQueue.hpp */ = {isa = PBXFileReference; lastKnownFileType = sourcecode.cpp.h; path = ThreadSafeQueue.hpp; sourceTree = "<group>"; };
		895E1CC821346CA100CEF7D7 /* MIDIDelegate.hpp */ = {isa = PBXFileReference; lastKnownFileType = sourcecode.cpp.h; path = MIDIDelegate.hpp; sourceTree = "<group>"; };
		895E63DC21288F7800CEF7D7 /* PatternChainRunner.hpp */ = {isa = PBXFileReference; lastKnownFileType = sourcecode.cpp.h; path = PatternChainRunner.hpp; sourceTree = "<group>"; };
		8964D5CB212B775000CEF7D7 /* librtmidi.4.dylib */ = {isa = PBXFileReference; lastKnownFileType = "compiled.mach-o.dylib"; name = librtmidi.4.dylib; path = ../homebrew/Cellar/rtmidi/3.0.0/lib/librtmidi.4.dylib; sourceTree = "<group>"; };
		8964D5CD212B7EA100CEF7D7 /* Pad.cpp */ = {isa = PBXFileReference; lastKnownFileType = sourcecode.cpp.cpp; path = Pad.cpp; sourceTree = "<group>"; };
		8964D5CE212B7EA100CEF7D7 /* Pad.hpp */ = {isa = PBXFileReference; lastKnownFileType = sourcecode.cpp.h; path = Pad.hpp; sourceTree = "<group>"; };
		8964D5D1212B7ECE00CEF7D7 /* Color.hpp */ = {isa = PBXFileReference; lastKnownFileType = sourcecode.cpp.h; path = Color.hpp; sourceTree = "<group>"; };
		8964D5D4212B855100CEF7D7 /* PatternView.cpp */ = {isa = PBXFileReference; lastKnownFileType = sourcecode.cpp.cpp; path = PatternView.cpp; sourceTree = "<group>"; };
		8964D5D5212B855100CEF7D7 /* PatternView.hpp */ = {isa = PBXFileReference; lastKnownFileType = sourcecode.cpp.h; path = PatternView.hpp; sourceTree = "<group>"; };
		8964D5DA212B989C00CEF7D7 /* SampleViewController.cpp */ = {isa = PBXFileReference; lastKnownFileType = sourcecode.cpp.cpp; path = SampleViewController.cpp; sourceTree = "<group>"; };
		8964D5DB212B989C00CEF7D7 /* SampleViewController.hpp */ = {isa = PBXFileReference; lastKnownFileType = sourcecode.cpp.h; path = SampleViewController.hpp; sourceTree = "<group>"; };
		8964D5DD212B998700CEF7D7 /* CircuitView.cpp */ = {isa = PBXFileReference; lastKnownFileType = sourcecode.cpp.cpp; path = CircuitView.cpp; sourceTree = "<group>"; };
		8964D5DE212B998700CEF7D7 /* CircuitView.hpp */ = {isa = PBXFileReference; lastKnownFileType = sourcecode.cpp.h; path = CircuitView.hpp; sourceTree = "<group>"; };
		8964D5E0212B9B6100CEF7D7 /* CircuitController.cpp */ = {isa = PBXFileReference; lastKnownFileType = sourcecode.cpp.cpp; path = CircuitController.cpp; sourceTree = "<group>"; };
		8964D5E1212B9B6100CEF7D7 /* CircuitController.hpp */ = {isa = PBXFileReference; lastKnownFileType = sourcecode.cpp.h; path = CircuitController.hpp; sourceTree = "<group>"; };
		8964D5E3212BA0AA00CEF7D7 /* Cocoa.framework */ = {isa = PBXFileReference; lastKnownFileType = wrapper.framework; name = Cocoa.framework; path = System/Library/Frameworks/Cocoa.framework; sourceTree = SDKROOT; };
		8964D635212BA38300CEF7D7 /* CircuitApp.app */ = {isa = PBXFileReference; explicitFileType = wrapper.application; includeInIndex = 0; path = CircuitApp.app; sourceTree = BUILT_PRODUCTS_DIR; };
		8964D637212BA38300CEF7D7 /* AppDelegate.h */ = {isa = PBXFileReference; lastKnownFileType = sourcecode.c.h; path = AppDelegate.h; sourceTree = "<group>"; };
		8964D638212BA38300CEF7D7 /* AppDelegate.m */ = {isa = PBXFileReference; lastKnownFileType = sourcecode.c.objc; path = AppDelegate.m; sourceTree = "<group>"; };
		8964D63A212BA38300CEF7D7 /* ViewController.h */ = {isa = PBXFileReference; lastKnownFileType = sourcecode.c.h; path = ViewController.h; sourceTree = "<group>"; };
		8964D63B212BA38300CEF7D7 /* ViewController.m */ = {isa = PBXFileReference; lastKnownFileType = sourcecode.c.objc; path = ViewController.m; sourceTree = "<group>"; };
		8964D63D212BA38400CEF7D7 /* Assets.xcassets */ = {isa = PBXFileReference; lastKnownFileType = folder.assetcatalog; path = Assets.xcassets; sourceTree = "<group>"; };
		8964D640212BA38400CEF7D7 /* Base */ = {isa = PBXFileReference; lastKnownFileType = file.storyboard; name = Base; path = Base.lproj/Main.storyboard; sourceTree = "<group>"; };
		8964D642212BA38400CEF7D7 /* Info.plist */ = {isa = PBXFileReference; lastKnownFileType = text.plist.xml; path = Info.plist; sourceTree = "<group>"; };
		8964D643212BA38400CEF7D7 /* main.m */ = {isa = PBXFileReference; lastKnownFileType = sourcecode.c.objc; path = main.m; sourceTree = "<group>"; };
		8964D645212BA38400CEF7D7 /* CircuitApp.entitlements */ = {isa = PBXFileReference; lastKnownFileType = text.plist.entitlements; path = CircuitApp.entitlements; sourceTree = "<group>"; };
		8964D65D212BBCA200CEF7D7 /* Bridge.cpp */ = {isa = PBXFileReference; lastKnownFileType = sourcecode.cpp.cpp; path = Bridge.cpp; sourceTree = "<group>"; };
		8964D65E212BBCA200CEF7D7 /* Bridge.h */ = {isa = PBXFileReference; lastKnownFileType = sourcecode.c.h; path = Bridge.h; sourceTree = "<group>"; };
		896554F42127405500CEF7D7 /* Pattern.hpp */ = {isa = PBXFileReference; lastKnownFileType = sourcecode.cpp.h; path = Pattern.hpp; sourceTree = "<group>"; };
		896554F7212742A400CEF7D7 /* Step.hpp */ = {isa = PBXFileReference; lastKnownFileType = sourcecode.cpp.h; path = Step.hpp; sourceTree = "<group>"; };
		896554FA2127443B00CEF7D7 /* Atom.cpp */ = {isa = PBXFileReference; lastKnownFileType = sourcecode.cpp.cpp; path = Atom.cpp; sourceTree = "<group>"; };
		896554FB2127443B00CEF7D7 /* Atom.hpp */ = {isa = PBXFileReference; lastKnownFileType = sourcecode.cpp.h; path = Atom.hpp; sourceTree = "<group>"; };
		896555072127653300CEF7D7 /* PatternChain.hpp */ = {isa = PBXFileReference; lastKnownFileType = sourcecode.cpp.h; path = PatternChain.hpp; sourceTree = "<group>"; };
		8965550A212775E900CEF7D7 /* Channel.hpp */ = {isa = PBXFileReference; lastKnownFileType = sourcecode.cpp.h; path = Channel.hpp; sourceTree = "<group>"; };
		8965550C21277C8800CEF7D7 /* Session.cpp */ = {isa = PBXFileReference; lastKnownFileType = sourcecode.cpp.cpp; path = Session.cpp; sourceTree = "<group>"; };
		8965550D21277C8800CEF7D7 /* Session.hpp */ = {isa = PBXFileReference; lastKnownFileType = sourcecode.cpp.h; path = Session.hpp; sourceTree = "<group>"; };
		8965550F212788B600CEF7D7 /* Workspace.cpp */ = {isa = PBXFileReference; lastKnownFileType = sourcecode.cpp.cpp; path = Workspace.cpp; sourceTree = "<group>"; };
		89655510212788B600CEF7D7 /* Workspace.hpp */ = {isa = PBXFileReference; lastKnownFileType = sourcecode.cpp.h; path = Workspace.hpp; sourceTree = "<group>"; };
		896555122127A26800CEF7D7 /* Synth.cpp */ = {isa = PBXFileReference; lastKnownFileType = sourcecode.cpp.cpp; path = Synth.cpp; sourceTree = "<group>"; };
		896555132127A26800CEF7D7 /* Synth.hpp */ = {isa = PBXFileReference; lastKnownFileType = sourcecode.cpp.h; path = Synth.hpp; sourceTree = "<group>"; };
		896555162127A2E400CEF7D7 /* TypeDefs.hpp */ = {isa = PBXFileReference; lastKnownFileType = sourcecode.cpp.h; path = TypeDefs.hpp; sourceTree = "<group>"; };
		896555182127A83800CEF7D7 /* Sample.cpp */ = {isa = PBXFileReference; lastKnownFileType = sourcecode.cpp.cpp; path = Sample.cpp; sourceTree = "<group>"; };
		896555192127A83800CEF7D7 /* Sample.hpp */ = {isa = PBXFileReference; lastKnownFileType = sourcecode.cpp.h; path = Sample.hpp; sourceTree = "<group>"; };
		896A80D82134E52700CEF7D7 /* PatchSelectionViewController.hpp */ = {isa = PBXFileReference; lastKnownFileType = sourcecode.cpp.h; path = PatchSelectionViewController.hpp; sourceTree = "<group>"; };
		89717CC4213721B200CEF7D7 /* SynthMain.mm */ = {isa = PBXFileReference; fileEncoding = 4; lastKnownFileType = sourcecode.cpp.objcpp; path = SynthMain.mm; sourceTree = "<group>"; };
		89717CC6213721B300CEF7D7 /* SynthMain.h */ = {isa = PBXFileReference; fileEncoding = 4; lastKnownFileType = sourcecode.c.h; path = SynthMain.h; sourceTree = "<group>"; };
		89717CCB2137226100CEF7D7 /* AudioUnit.framework */ = {isa = PBXFileReference; lastKnownFileType = wrapper.framework; name = AudioUnit.framework; path = System/Library/Frameworks/AudioUnit.framework; sourceTree = SDKROOT; };
		89717CCD213722B200CEF7D7 /* rom1a.syx */ = {isa = PBXFileReference; lastKnownFileType = file; path = rom1a.syx; sourceTree = "<group>"; };
		89717D00213750A600CEF7D7 /* env.cc */ = {isa = PBXFileReference; fileEncoding = 4; lastKnownFileType = sourcecode.cpp.cpp; path = env.cc; sourceTree = "<group>"; };
		89717D02213750A600CEF7D7 /* ringbuffer.cc */ = {isa = PBXFileReference; fileEncoding = 4; lastKnownFileType = sourcecode.cpp.cpp; path = ringbuffer.cc; sourceTree = "<group>"; };
		89717D03213750A600CEF7D7 /* fm_op_kernel.cc */ = {isa = PBXFileReference; fileEncoding = 4; lastKnownFileType = sourcecode.cpp.cpp; path = fm_op_kernel.cc; sourceTree = "<group>"; };
		89717D04213750A600CEF7D7 /* dx7note.cc */ = {isa = PBXFileReference; fileEncoding = 4; lastKnownFileType = sourcecode.cpp.cpp; path = dx7note.cc; sourceTree = "<group>"; };
		89717D05213750A600CEF7D7 /* synth_unit.cc */ = {isa = PBXFileReference; fileEncoding = 4; lastKnownFileType = sourcecode.cpp.cpp; path = synth_unit.cc; sourceTree = "<group>"; };
		89717D06213750A700CEF7D7 /* fm_core.cc */ = {isa = PBXFileReference; fileEncoding = 4; lastKnownFileType = sourcecode.cpp.cpp; path = fm_core.cc; sourceTree = "<group>"; };
		89717D07213750A700CEF7D7 /* fm_core.h */ = {isa = PBXFileReference; fileEncoding = 4; lastKnownFileType = sourcecode.c.h; path = fm_core.h; sourceTree = "<group>"; };
		89717D08213750A700CEF7D7 /* lfo.cc */ = {isa = PBXFileReference; fileEncoding = 4; lastKnownFileType = sourcecode.cpp.cpp; path = lfo.cc; sourceTree = "<group>"; };
		89717D0A213750A700CEF7D7 /* patch.cc */ = {isa = PBXFileReference; fileEncoding = 4; lastKnownFileType = sourcecode.cpp.cpp; path = patch.cc; sourceTree = "<group>"; };
		89717D0B213750A700CEF7D7 /* sin.h */ = {isa = PBXFileReference; fileEncoding = 4; lastKnownFileType = sourcecode.c.h; path = sin.h; sourceTree = "<group>"; };
		89717D0C213750A700CEF7D7 /* pitchenv.h */ = {isa = PBXFileReference; fileEncoding = 4; lastKnownFileType = sourcecode.c.h; path = pitchenv.h; sourceTree = "<group>"; };
		89717D0D213750A700CEF7D7 /* exp2.cc */ = {isa = PBXFileReference; fileEncoding = 4; lastKnownFileType = sourcecode.cpp.cpp; path = exp2.cc; sourceTree = "<group>"; };
		89717D0E213750A700CEF7D7 /* synth.h */ = {isa = PBXFileReference; fileEncoding = 4; lastKnownFileType = sourcecode.c.h; path = synth.h; sourceTree = "<group>"; };
		89717D10213750A700CEF7D7 /* sin.cc */ = {isa = PBXFileReference; fileEncoding = 4; lastKnownFileType = sourcecode.cpp.cpp; path = sin.cc; sourceTree = "<group>"; };
		89717D11213750A800CEF7D7 /* module.h */ = {isa = PBXFileReference; fileEncoding = 4; lastKnownFileType = sourcecode.c.h; path = module.h; sourceTree = "<group>"; };
		89717D12213750A800CEF7D7 /* aligned_buf.h */ = {isa = PBXFileReference; fileEncoding = 4; lastKnownFileType = sourcecode.c.h; path = aligned_buf.h; sourceTree = "<group>"; };
		89717D13213750A800CEF7D7 /* freqlut.cc */ = {isa = PBXFileReference; fileEncoding = 4; lastKnownFileType = sourcecode.cpp.cpp; path = freqlut.cc; sourceTree = "<group>"; };
		89717D14213750A800CEF7D7 /* env.h */ = {isa = PBXFileReference; fileEncoding = 4; lastKnownFileType = sourcecode.c.h; path = env.h; sourceTree = "<group>"; };
		89717D17213750A800CEF7D7 /* freqlut.h */ = {isa = PBXFileReference; fileEncoding = 4; lastKnownFileType = sourcecode.c.h; path = freqlut.h; sourceTree = "<group>"; };
		89717D18213750A800CEF7D7 /* ringbuffer.h */ = {isa = PBXFileReference; fileEncoding = 4; lastKnownFileType = sourcecode.c.h; path = ringbuffer.h; sourceTree = "<group>"; };
		89717D19213750A800CEF7D7 /* patch.h */ = {isa = PBXFileReference; fileEncoding = 4; lastKnownFileType = sourcecode.c.h; path = patch.h; sourceTree = "<group>"; };
		89717D1A213750A900CEF7D7 /* controllers.h */ = {isa = PBXFileReference; fileEncoding = 4; lastKnownFileType = sourcecode.c.h; path = controllers.h; sourceTree = "<group>"; };
		89717D1B213750A900CEF7D7 /* synth_unit.h */ = {isa = PBXFileReference; fileEncoding = 4; lastKnownFileType = sourcecode.c.h; path = synth_unit.h; sourceTree = "<group>"; };
		89717D1D213750A900CEF7D7 /* pitchenv.cc */ = {isa = PBXFileReference; fileEncoding = 4; lastKnownFileType = sourcecode.cpp.cpp; path = pitchenv.cc; sourceTree = "<group>"; };
		89717D1E213750A900CEF7D7 /* fm_op_kernel.h */ = {isa = PBXFileReference; fileEncoding = 4; lastKnownFileType = sourcecode.c.h; path = fm_op_kernel.h; sourceTree = "<group>"; };
		89717D1F213750A900CEF7D7 /* exp2.h */ = {isa = PBXFileReference; fileEncoding = 4; lastKnownFileType = sourcecode.c.h; path = exp2.h; sourceTree = "<group>"; };
		89717D20213750A900CEF7D7 /* lfo.h */ = {isa = PBXFileReference; fileEncoding = 4; lastKnownFileType = sourcecode.c.h; path = lfo.h; sourceTree = "<group>"; };
		89717D21213750A900CEF7D7 /* dx7note.h */ = {isa = PBXFileReference; fileEncoding = 4; lastKnownFileType = sourcecode.c.h; path = dx7note.h; sourceTree = "<group>"; };
		899F2078212A150000CEF7D7 /* AtomPacket.hpp */ = {isa = PBXFileReference; lastKnownFileType = sourcecode.cpp.h; path = AtomPacket.hpp; sourceTree = "<group>"; };
		89A039B1212DD72D00CEF7D7 /* PatternViewController.hpp */ = {isa = PBXFileReference; lastKnownFileType = sourcecode.cpp.h; path = PatternViewController.hpp; sourceTree = "<group>"; };
		89A0903321309E1100CEF7D7 /* SynthGateViewController.hpp */ = {isa = PBXFileReference; lastKnownFileType = sourcecode.cpp.h; path = SynthGateViewController.hpp; sourceTree = "<group>"; };
		89A0903521309E2400CEF7D7 /* SynthGateView.cpp */ = {isa = PBXFileReference; lastKnownFileType = sourcecode.cpp.cpp; path = SynthGateView.cpp; sourceTree = "<group>"; };
		89A0903621309E2400CEF7D7 /* SynthGateView.hpp */ = {isa = PBXFileReference; lastKnownFileType = sourcecode.cpp.h; path = SynthGateView.hpp; sourceTree = "<group>"; };
		89A090382130B1F800CEF7D7 /* VelocityView.cpp */ = {isa = PBXFileReference; lastKnownFileType = sourcecode.cpp.cpp; path = VelocityView.cpp; sourceTree = "<group>"; };
		89A090392130B1F800CEF7D7 /* VelocityView.hpp */ = {isa = PBXFileReference; lastKnownFileType = sourcecode.cpp.h; path = VelocityView.hpp; sourceTree = "<group>"; };
		89A0903C2130B4D100CEF7D7 /* VelocityViewController.hpp */ = {isa = PBXFileReference; lastKnownFileType = sourcecode.cpp.h; path = VelocityViewController.hpp; sourceTree = "<group>"; };
		89A0903E2130BA5B00CEF7D7 /* LengthView.cpp */ = {isa = PBXFileReference; lastKnownFileType = sourcecode.cpp.cpp; path = LengthView.cpp; sourceTree = "<group>"; };
		89A0903F2130BA5B00CEF7D7 /* LengthView.hpp */ = {isa = PBXFileReference; lastKnownFileType = sourcecode.cpp.h; path = LengthView.hpp; sourceTree = "<group>"; };
		89A090422130BA6A00CEF7D7 /* LengthViewController.hpp */ = {isa = PBXFileReference; lastKnownFileType = sourcecode.cpp.h; path = LengthViewController.hpp; sourceTree = "<group>"; };
		89A13C2B212CBB7500CEF7D7 /* ScreenController.cpp */ = {isa = PBXFileReference; lastKnownFileType = sourcecode.cpp.cpp; path = ScreenController.cpp; sourceTree = "<group>"; };
		89A13C2C212CBB7500CEF7D7 /* ScreenController.hpp */ = {isa = PBXFileReference; lastKnownFileType = sourcecode.cpp.h; path = ScreenController.hpp; sourceTree = "<group>"; };
		89A13C31212D0E0500CEF7D7 /* Scale.cpp */ = {isa = PBXFileReference; lastKnownFileType = sourcecode.cpp.cpp; path = Scale.cpp; sourceTree = "<group>"; };
		89A13C32212D0E0500CEF7D7 /* Scale.hpp */ = {isa = PBXFileReference; lastKnownFileType = sourcecode.cpp.h; path = Scale.hpp; sourceTree = "<group>"; };
		89A3CF9A212DDE3900CEF7D7 /* KeyboardView.cpp */ = {isa = PBXFileReference; lastKnownFileType = sourcecode.cpp.cpp; path = KeyboardView.cpp; sourceTree = "<group>"; };
		89A3CF9B212DDE3900CEF7D7 /* KeyboardView.hpp */ = {isa = PBXFileReference; lastKnownFileType = sourcecode.cpp.h; path = KeyboardView.hpp; sourceTree = "<group>"; };
		89A3CF9D212E1B8400CEF7D7 /* SynthViewController.cpp */ = {isa = PBXFileReference; lastKnownFileType = sourcecode.cpp.cpp; path = SynthViewController.cpp; sourceTree = "<group>"; };
		89A3CF9E212E1B8400CEF7D7 /* SynthViewController.hpp */ = {isa = PBXFileReference; lastKnownFileType = sourcecode.cpp.h; path = SynthViewController.hpp; sourceTree = "<group>"; };
		89A3CFA0212E1ECD00CEF7D7 /* KeyboardViewController.cpp */ = {isa = PBXFileReference; lastKnownFileType = sourcecode.cpp.cpp; path = KeyboardViewController.cpp; sourceTree = "<group>"; };
		89A3CFA1212E1ECD00CEF7D7 /* KeyboardViewController.hpp */ = {isa = PBXFileReference; lastKnownFileType = sourcecode.cpp.h; path = KeyboardViewController.hpp; sourceTree = "<group>"; };
		89E16C662135CD8A00CEF7D7 /* PatternChainViewController.cpp */ = {isa = PBXFileReference; lastKnownFileType = sourcecode.cpp.cpp; path = PatternChainViewController.cpp; sourceTree = "<group>"; };
		89E16C672135CD8A00CEF7D7 /* PatternChainViewController.hpp */ = {isa = PBXFileReference; lastKnownFileType = sourcecode.cpp.h; path = PatternChainViewController.hpp; sourceTree = "<group>"; };
		89E16C692135F1CF00CEF7D7 /* SynthMicrostepDelayView.cpp */ = {isa = PBXFileReference; lastKnownFileType = sourcecode.cpp.cpp; path = SynthMicrostepDelayView.cpp; sourceTree = "<group>"; };
		89E16C6A2135F1CF00CEF7D7 /* SynthMicrostepDelayView.hpp */ = {isa = PBXFileReference; lastKnownFileType = sourcecode.cpp.h; path = SynthMicrostepDelayView.hpp; sourceTree = "<group>"; };
		89E16C6C2135F57200CEF7D7 /* SynthMicrostepDelayViewController.cpp */ = {isa = PBXFileReference; lastKnownFileType = sourcecode.cpp.cpp; path = SynthMicrostepDelayViewController.cpp; sourceTree = "<group>"; };
		89E16C6D2135F57200CEF7D7 /* SynthMicrostepDelayViewController.hpp */ = {isa = PBXFileReference; lastKnownFileType = sourcecode.cpp.h; path = SynthMicrostepDelayViewController.hpp; sourceTree = "<group>"; };
		89E16C6F213616F700CEF7D7 /* DigitView.cpp */ = {isa = PBXFileReference; lastKnownFileType = sourcecode.cpp.cpp; path = DigitView.cpp; sourceTree = "<group>"; };
		89E16C70213616F700CEF7D7 /* DigitView.hpp */ = {isa = PBXFileReference; lastKnownFileType = sourcecode.cpp.h; path = DigitView.hpp; sourceTree = "<group>"; };
		89E16C722136210700CEF7D7 /* TempoViewController.cpp */ = {isa = PBXFileReference; lastKnownFileType = sourcecode.cpp.cpp; path = TempoViewController.cpp; sourceTree = "<group>"; };
		89E16C732136210700CEF7D7 /* TempoViewController.hpp */ = {isa = PBXFileReference; lastKnownFileType = sourcecode.cpp.h; path = TempoViewController.hpp; sourceTree = "<group>"; };
		89E16C75213626CA00CEF7D7 /* SwingViewController.cpp */ = {isa = PBXFileReference; lastKnownFileType = sourcecode.cpp.cpp; path = SwingViewController.cpp; sourceTree = "<group>"; };
		89E16C76213626CA00CEF7D7 /* SwingViewController.hpp */ = {isa = PBXFileReference; lastKnownFileType = sourcecode.cpp.h; path = SwingViewController.hpp; sourceTree = "<group>"; };
		89E710EC213346D900CEF7D7 /* SampleGateViewController.cpp */ = {isa = PBXFileReference; lastKnownFileType = sourcecode.cpp.cpp; path = SampleGateViewController.cpp; sourceTree = "<group>"; };
		89E710ED213346D900CEF7D7 /* SampleGateViewController.hpp */ = {isa = PBXFileReference; lastKnownFileType = sourcecode.cpp.h; path = SampleGateViewController.hpp; sourceTree = "<group>"; };
		89E710EF213346F800CEF7D7 /* SampleGateView.cpp */ = {isa = PBXFileReference; lastKnownFileType = sourcecode.cpp.cpp; path = SampleGateView.cpp; sourceTree = "<group>"; };
		89E710F0213346F800CEF7D7 /* SampleGateView.hpp */ = {isa = PBXFileReference; lastKnownFileType = sourcecode.cpp.h; path = SampleGateView.hpp; sourceTree = "<group>"; };
		89E710F22133473B00CEF7D7 /* SynthGateViewController.cpp */ = {isa = PBXFileReference; lastKnownFileType = sourcecode.cpp.cpp; path = SynthGateViewController.cpp; sourceTree = "<group>"; };
		89E710F52133A6FD00CEF7D7 /* ChannelOutputInterface.hpp */ = {isa = PBXFileReference; lastKnownFileType = sourcecode.cpp.h; path = ChannelOutputInterface.hpp; sourceTree = "<group>"; };
		89E710F72133B49600CEF7D7 /* ChannelOutputFactory.cpp */ = {isa = PBXFileReference; lastKnownFileType = sourcecode.cpp.cpp; path = ChannelOutputFactory.cpp; sourceTree = "<group>"; };
		89E710F82133B49600CEF7D7 /* ChannelOutputFactory.hpp */ = {isa = PBXFileReference; lastKnownFileType = sourcecode.cpp.h; path = ChannelOutputFactory.hpp; sourceTree = "<group>"; };
		89EF1F032131CF5C00CEF7D7 /* UIDefs.hpp */ = {isa = PBXFileReference; lastKnownFileType = sourcecode.cpp.h; path = UIDefs.hpp; sourceTree = "<group>"; };
/* End PBXFileReference section */

/* Begin PBXFrameworksBuildPhase section */
		8964D632212BA38300CEF7D7 /* Frameworks */ = {
			isa = PBXFrameworksBuildPhase;
			buildActionMask = 2147483647;
			files = (
				89717CCC2137226200CEF7D7 /* AudioUnit.framework in Frameworks */,
				89717CCA2137224C00CEF7D7 /* CoreAudio.framework in Frameworks */,
				8964D659212BA58200CEF7D7 /* CoreMIDI.framework in Frameworks */,
				8964D658212BA57600CEF7D7 /* librtmidi.4.dylib in Frameworks */,
			);
			runOnlyForDeploymentPostprocessing = 0;
		};
/* End PBXFrameworksBuildPhase section */

/* Begin PBXGroup section */
		8919C2A121293C4300CEF7D7 /* Frameworks */ = {
			isa = PBXGroup;
			children = (
				89717CCB2137226100CEF7D7 /* AudioUnit.framework */,
				8964D5E3212BA0AA00CEF7D7 /* Cocoa.framework */,
				8964D5CB212B775000CEF7D7 /* librtmidi.4.dylib */,
				8919C2A621293C6900CEF7D7 /* CoreAudio.framework */,
				8919C2A421293C5800CEF7D7 /* CoreFoundation.framework */,
				8919C2A221293C4300CEF7D7 /* CoreMIDI.framework */,
			);
			name = Frameworks;
			sourceTree = "<group>";
		};
		8964D636212BA38300CEF7D7 /* CircuitApp */ = {
			isa = PBXGroup;
			children = (
				8964D637212BA38300CEF7D7 /* AppDelegate.h */,
				8964D638212BA38300CEF7D7 /* AppDelegate.m */,
				8964D63A212BA38300CEF7D7 /* ViewController.h */,
				8964D63B212BA38300CEF7D7 /* ViewController.m */,
				8964D63D212BA38400CEF7D7 /* Assets.xcassets */,
				89717CCD213722B200CEF7D7 /* rom1a.syx */,
				8964D63F212BA38400CEF7D7 /* Main.storyboard */,
				8964D642212BA38400CEF7D7 /* Info.plist */,
				8964D643212BA38400CEF7D7 /* main.m */,
				8964D645212BA38400CEF7D7 /* CircuitApp.entitlements */,
				89717CC6213721B300CEF7D7 /* SynthMain.h */,
				89717CC4213721B200CEF7D7 /* SynthMain.mm */,
			);
			path = CircuitApp;
			sourceTree = "<group>";
		};
		896554E021273F5E00CEF7D7 = {
			isa = PBXGroup;
			children = (
				89717C8F21371FC200CEF7D7 /* DX7 */,
				896554EB21273F5E00CEF7D7 /* Circuit */,
				8964D636212BA38300CEF7D7 /* CircuitApp */,
				896554EA21273F5E00CEF7D7 /* Products */,
				8919C2A121293C4300CEF7D7 /* Frameworks */,
			);
			sourceTree = "<group>";
		};
		896554EA21273F5E00CEF7D7 /* Products */ = {
			isa = PBXGroup;
			children = (
				8964D635212BA38300CEF7D7 /* CircuitApp.app */,
			);
			name = Products;
			sourceTree = "<group>";
		};
		896554EB21273F5E00CEF7D7 /* Circuit */ = {
			isa = PBXGroup;
			children = (
				896555162127A2E400CEF7D7 /* TypeDefs.hpp */,
				89A13C31212D0E0500CEF7D7 /* Scale.cpp */,
				89A13C32212D0E0500CEF7D7 /* Scale.hpp */,
				8965550F212788B600CEF7D7 /* Workspace.cpp */,
				89655510212788B600CEF7D7 /* Workspace.hpp */,
				8919C28E2128EAEE00CEF7D7 /* SessionRunner.cpp */,
				8919C28F2128EAEE00CEF7D7 /* SessionRunner.hpp */,
				89E710F52133A6FD00CEF7D7 /* ChannelOutputInterface.hpp */,
				8919C2922128EB7200CEF7D7 /* ChannelRunner.hpp */,
				895E63DC21288F7800CEF7D7 /* PatternChainRunner.hpp */,
				8965550C21277C8800CEF7D7 /* Session.cpp */,
				8965550D21277C8800CEF7D7 /* Session.hpp */,
				8965550A212775E900CEF7D7 /* Channel.hpp */,
				896555072127653300CEF7D7 /* PatternChain.hpp */,
				896554F42127405500CEF7D7 /* Pattern.hpp */,
				896554F7212742A400CEF7D7 /* Step.hpp */,
				899F2078212A150000CEF7D7 /* AtomPacket.hpp */,
				896554FA2127443B00CEF7D7 /* Atom.cpp */,
				896554FB2127443B00CEF7D7 /* Atom.hpp */,
				896555122127A26800CEF7D7 /* Synth.cpp */,
				896555132127A26800CEF7D7 /* Synth.hpp */,
				896555182127A83800CEF7D7 /* Sample.cpp */,
				896555192127A83800CEF7D7 /* Sample.hpp */,
				89EF1F032131CF5C00CEF7D7 /* UIDefs.hpp */,
				8964D5CD212B7EA100CEF7D7 /* Pad.cpp */,
				8964D5CE212B7EA100CEF7D7 /* Pad.hpp */,
				8964D5D1212B7ECE00CEF7D7 /* Color.hpp */,
				89A0903E2130BA5B00CEF7D7 /* LengthView.cpp */,
				89A0903F2130BA5B00CEF7D7 /* LengthView.hpp */,
				89A090422130BA6A00CEF7D7 /* LengthViewController.hpp */,
				891883BD2132820900CEF7D7 /* NudgeView.cpp */,
				891883BE2132820900CEF7D7 /* NudgeView.hpp */,
				891883C12132821E00CEF7D7 /* NudgeViewController.hpp */,
				89E16C692135F1CF00CEF7D7 /* SynthMicrostepDelayView.cpp */,
				89E16C6A2135F1CF00CEF7D7 /* SynthMicrostepDelayView.hpp */,
				89E16C6C2135F57200CEF7D7 /* SynthMicrostepDelayViewController.cpp */,
				89E16C6D2135F57200CEF7D7 /* SynthMicrostepDelayViewController.hpp */,
				89A0903521309E2400CEF7D7 /* SynthGateView.cpp */,
				89A0903621309E2400CEF7D7 /* SynthGateView.hpp */,
				89E710F22133473B00CEF7D7 /* SynthGateViewController.cpp */,
				89A0903321309E1100CEF7D7 /* SynthGateViewController.hpp */,
				89E710EF213346F800CEF7D7 /* SampleGateView.cpp */,
				89E710F0213346F800CEF7D7 /* SampleGateView.hpp */,
				89E710EC213346D900CEF7D7 /* SampleGateViewController.cpp */,
				89E710ED213346D900CEF7D7 /* SampleGateViewController.hpp */,
				89A090382130B1F800CEF7D7 /* VelocityView.cpp */,
				89A090392130B1F800CEF7D7 /* VelocityView.hpp */,
				89A0903C2130B4D100CEF7D7 /* VelocityViewController.hpp */,
				89A3CF9A212DDE3900CEF7D7 /* KeyboardView.cpp */,
				89A3CF9B212DDE3900CEF7D7 /* KeyboardView.hpp */,
				89A3CFA0212E1ECD00CEF7D7 /* KeyboardViewController.cpp */,
				89A3CFA1212E1ECD00CEF7D7 /* KeyboardViewController.hpp */,
				8907AC642135216F00CEF7D7 /* SampleExpandNoteViewController.cpp */,
				8907AC652135216F00CEF7D7 /* SampleExpandNoteViewController.hpp */,
				8964D5D4212B855100CEF7D7 /* PatternView.cpp */,
				8964D5D5212B855100CEF7D7 /* PatternView.hpp */,
				89A039B1212DD72D00CEF7D7 /* PatternViewController.hpp */,
				896A80D82134E52700CEF7D7 /* PatchSelectionViewController.hpp */,
				8964D5DA212B989C00CEF7D7 /* SampleViewController.cpp */,
				8964D5DB212B989C00CEF7D7 /* SampleViewController.hpp */,
				89A3CF9D212E1B8400CEF7D7 /* SynthViewController.cpp */,
				89A3CF9E212E1B8400CEF7D7 /* SynthViewController.hpp */,
				8913D16F21330C1B00CEF7D7 /* ScaleViewController.cpp */,
				8913D17021330C1C00CEF7D7 /* ScaleViewController.hpp */,
				8913D17221330FAF00CEF7D7 /* ScaleSelectionView.cpp */,
				8913D17321330FAF00CEF7D7 /* ScaleSelectionView.hpp */,
				89E16C662135CD8A00CEF7D7 /* PatternChainViewController.cpp */,
				89E16C672135CD8A00CEF7D7 /* PatternChainViewController.hpp */,
				89E16C6F213616F700CEF7D7 /* DigitView.cpp */,
				89E16C70213616F700CEF7D7 /* DigitView.hpp */,
				89E16C722136210700CEF7D7 /* TempoViewController.cpp */,
				89E16C732136210700CEF7D7 /* TempoViewController.hpp */,
				89E16C75213626CA00CEF7D7 /* SwingViewController.cpp */,
				89E16C76213626CA00CEF7D7 /* SwingViewController.hpp */,
				8964D5DD212B998700CEF7D7 /* CircuitView.cpp */,
				8964D5DE212B998700CEF7D7 /* CircuitView.hpp */,
				89A13C2B212CBB7500CEF7D7 /* ScreenController.cpp */,
				89A13C2C212CBB7500CEF7D7 /* ScreenController.hpp */,
				8964D5E0212B9B6100CEF7D7 /* CircuitController.cpp */,
				8964D5E1212B9B6100CEF7D7 /* CircuitController.hpp */,
				895E1CC821346CA100CEF7D7 /* MIDIDelegate.hpp */,
				8964D65D212BBCA200CEF7D7 /* Bridge.cpp */,
				8964D65E212BBCA200CEF7D7 /* Bridge.h */,
				89E710F72133B49600CEF7D7 /* ChannelOutputFactory.cpp */,
				89E710F82133B49600CEF7D7 /* ChannelOutputFactory.hpp */,
				8919C29B2129359400CEF7D7 /* MidiController.hpp */,
				895E1CC52134675100CEF7D7 /* ThreadSafeQueue.hpp */,
			);
			path = Circuit;
			sourceTree = "<group>";
		};
		89717C8F21371FC200CEF7D7 /* DX7 */ = {
			isa = PBXGroup;
			children = (
				89717D12213750A800CEF7D7 /* aligned_buf.h */,
				89717D1A213750A900CEF7D7 /* controllers.h */,
				89717D04213750A600CEF7D7 /* dx7note.cc */,
				89717D21213750A900CEF7D7 /* dx7note.h */,
				89717D00213750A600CEF7D7 /* env.cc */,
				89717D14213750A800CEF7D7 /* env.h */,
				89717D0D213750A700CEF7D7 /* exp2.cc */,
				89717D1F213750A900CEF7D7 /* exp2.h */,
				89717D06213750A700CEF7D7 /* fm_core.cc */,
				89717D07213750A700CEF7D7 /* fm_core.h */,
				89717D03213750A600CEF7D7 /* fm_op_kernel.cc */,
				89717D1E213750A900CEF7D7 /* fm_op_kernel.h */,
				89717D13213750A800CEF7D7 /* freqlut.cc */,
				89717D17213750A800CEF7D7 /* freqlut.h */,
				89717D08213750A700CEF7D7 /* lfo.cc */,
				89717D20213750A900CEF7D7 /* lfo.h */,
				89717D11213750A800CEF7D7 /* module.h */,
				89717D0A213750A700CEF7D7 /* patch.cc */,
				89717D19213750A800CEF7D7 /* patch.h */,
				89717D1D213750A900CEF7D7 /* pitchenv.cc */,
				89717D0C213750A700CEF7D7 /* pitchenv.h */,
				89717D02213750A600CEF7D7 /* ringbuffer.cc */,
				89717D18213750A800CEF7D7 /* ringbuffer.h */,
				89717D10213750A700CEF7D7 /* sin.cc */,
				89717D0B213750A700CEF7D7 /* sin.h */,
				89717D05213750A600CEF7D7 /* synth_unit.cc */,
				89717D1B213750A900CEF7D7 /* synth_unit.h */,
				89717D0E213750A700CEF7D7 /* synth.h */,
			);
			path = DX7;
			sourceTree = "<group>";
		};
/* End PBXGroup section */

/* Begin PBXNativeTarget section */
		8964D634212BA38300CEF7D7 /* CircuitApp */ = {
			isa = PBXNativeTarget;
			buildConfigurationList = 8964D646212BA38400CEF7D7 /* Build configuration list for PBXNativeTarget "CircuitApp" */;
			buildPhases = (
				8964D631212BA38300CEF7D7 /* Sources */,
				8964D632212BA38300CEF7D7 /* Frameworks */,
				8964D633212BA38300CEF7D7 /* Resources */,
			);
			buildRules = (
			);
			dependencies = (
			);
			name = CircuitApp;
			productName = CircuitApp;
			productReference = 8964D635212BA38300CEF7D7 /* CircuitApp.app */;
			productType = "com.apple.product-type.application";
		};
/* End PBXNativeTarget section */

/* Begin PBXProject section */
		896554E121273F5E00CEF7D7 /* Project object */ = {
			isa = PBXProject;
			attributes = {
				LastUpgradeCheck = 0940;
				ORGANIZATIONNAME = "Yue Wang";
				TargetAttributes = {
					8964D634212BA38300CEF7D7 = {
						CreatedOnToolsVersion = 9.4.1;
					};
				};
			};
			buildConfigurationList = 896554E421273F5E00CEF7D7 /* Build configuration list for PBXProject "Circuit" */;
			compatibilityVersion = "Xcode 9.3";
			developmentRegion = en;
			hasScannedForEncodings = 0;
			knownRegions = (
				en,
				Base,
			);
			mainGroup = 896554E021273F5E00CEF7D7;
			productRefGroup = 896554EA21273F5E00CEF7D7 /* Products */;
			projectDirPath = "";
			projectRoot = "";
			targets = (
				8964D634212BA38300CEF7D7 /* CircuitApp */,
			);
		};
/* End PBXProject section */

/* Begin PBXResourcesBuildPhase section */
		8964D633212BA38300CEF7D7 /* Resources */ = {
			isa = PBXResourcesBuildPhase;
			buildActionMask = 2147483647;
			files = (
				89717CCE2137264700CEF7D7 /* rom1a.syx in Resources */,
				8964D63E212BA38400CEF7D7 /* Assets.xcassets in Resources */,
				8964D641212BA38400CEF7D7 /* Main.storyboard in Resources */,
			);
			runOnlyForDeploymentPostprocessing = 0;
		};
/* End PBXResourcesBuildPhase section */

/* Begin PBXSourcesBuildPhase section */
		8964D631212BA38300CEF7D7 /* Sources */ = {
			isa = PBXSourcesBuildPhase;
			buildActionMask = 2147483647;
			files = (
				89717D22213750AA00CEF7D7 /* env.cc in Sources */,
				89E16C6E2135F57200CEF7D7 /* SynthMicrostepDelayViewController.cpp in Sources */,
				8964D671212BC45300CEF7D7 /* AppDelegate.m in Sources */,
				89717D26213750AA00CEF7D7 /* dx7note.cc in Sources */,
				89E16C71213616F700CEF7D7 /* DigitView.cpp in Sources */,
				89A0903A2130B1F800CEF7D7 /* VelocityView.cpp in Sources */,
				89E710F32133473B00CEF7D7 /* SynthGateViewController.cpp in Sources */,
				89A13C2D212CBB7500CEF7D7 /* ScreenController.cpp in Sources */,
				8964D672212BC45300CEF7D7 /* ViewController.m in Sources */,
				89717D24213750AA00CEF7D7 /* ringbuffer.cc in Sources */,
				89E710F1213346F800CEF7D7 /* SampleGateView.cpp in Sources */,
				89E16C742136210700CEF7D7 /* TempoViewController.cpp in Sources */,
				8913D17421330FAF00CEF7D7 /* ScaleSelectionView.cpp in Sources */,
				891883BF2132820900CEF7D7 /* NudgeView.cpp in Sources */,
				89717CC8213721B300CEF7D7 /* SynthMain.mm in Sources */,
				8964D673212BC45300CEF7D7 /* main.m in Sources */,
				89717D25213750AA00CEF7D7 /* fm_op_kernel.cc in Sources */,
				89717D27213750AA00CEF7D7 /* synth_unit.cc in Sources */,
				8907AC662135216F00CEF7D7 /* SampleExpandNoteViewController.cpp in Sources */,
				89A3CFA2212E1ECD00CEF7D7 /* KeyboardViewController.cpp in Sources */,
				8964D660212BC44900CEF7D7 /* Workspace.cpp in Sources */,
				8964D661212BC44900CEF7D7 /* SessionRunner.cpp in Sources */,
				8964D662212BC44900CEF7D7 /* Session.cpp in Sources */,
				8964D664212BC44900CEF7D7 /* Atom.cpp in Sources */,
				89717D29213750AA00CEF7D7 /* lfo.cc in Sources */,
				89717D2C213750AA00CEF7D7 /* sin.cc in Sources */,
				89E16C682135CD8A00CEF7D7 /* PatternChainViewController.cpp in Sources */,
				8964D665212BC44900CEF7D7 /* Synth.cpp in Sources */,
				8964D666212BC44900CEF7D7 /* Sample.cpp in Sources */,
				89E16C6B2135F1CF00CEF7D7 /* SynthMicrostepDelayView.cpp in Sources */,
				8913D17121330C1C00CEF7D7 /* ScaleViewController.cpp in Sources */,
				8964D668212BC44900CEF7D7 /* Pad.cpp in Sources */,
				8964D66A212BC44900CEF7D7 /* PatternView.cpp in Sources */,
				89A3CF9F212E1B8400CEF7D7 /* SynthViewController.cpp in Sources */,
				89717D2D213750AA00CEF7D7 /* freqlut.cc in Sources */,
				89A090402130BA5B00CEF7D7 /* LengthView.cpp in Sources */,
				89A0903721309E2400CEF7D7 /* SynthGateView.cpp in Sources */,
				89E710EE213346D900CEF7D7 /* SampleGateViewController.cpp in Sources */,
				89717D2A213750AA00CEF7D7 /* patch.cc in Sources */,
				8964D66C212BC44900CEF7D7 /* SampleViewController.cpp in Sources */,
				8964D66D212BC44900CEF7D7 /* CircuitView.cpp in Sources */,
				89E710F92133B49600CEF7D7 /* ChannelOutputFactory.cpp in Sources */,
				8964D66E212BC44900CEF7D7 /* CircuitController.cpp in Sources */,
				89717D2B213750AA00CEF7D7 /* exp2.cc in Sources */,
				89E16C77213626CA00CEF7D7 /* SwingViewController.cpp in Sources */,
				89A13C33212D0E0500CEF7D7 /* Scale.cpp in Sources */,
				89717D30213750AA00CEF7D7 /* pitchenv.cc in Sources */,
				89717D28213750AA00CEF7D7 /* fm_core.cc in Sources */,
				8964D670212BC44900CEF7D7 /* Bridge.cpp in Sources */,
				89A3CF9C212DDE3900CEF7D7 /* KeyboardView.cpp in Sources */,
			);
			runOnlyForDeploymentPostprocessing = 0;
		};
/* End PBXSourcesBuildPhase section */

/* Begin PBXVariantGroup section */
		8964D63F212BA38400CEF7D7 /* Main.storyboard */ = {
			isa = PBXVariantGroup;
			children = (
				8964D640212BA38400CEF7D7 /* Base */,
			);
			name = Main.storyboard;
			sourceTree = "<group>";
		};
/* End PBXVariantGroup section */

/* Begin XCBuildConfiguration section */
		8964D647212BA38400CEF7D7 /* Debug */ = {
			isa = XCBuildConfiguration;
			buildSettings = {
				ASSETCATALOG_COMPILER_APPICON_NAME = AppIcon;
				CLANG_ADDRESS_SANITIZER_CONTAINER_OVERFLOW = YES;
				CODE_SIGN_ENTITLEMENTS = CircuitApp/CircuitApp.entitlements;
				CODE_SIGN_STYLE = Automatic;
				COMBINE_HIDPI_IMAGES = YES;
				DEBUG_INFORMATION_FORMAT = "dwarf-with-dsym";
				INFOPLIST_FILE = CircuitApp/Info.plist;
				LD_RUNPATH_SEARCH_PATHS = (
					"$(inherited)",
					"@executable_path/../Frameworks",
				);
				PRODUCT_BUNDLE_IDENTIFIER = com.wangyue.CircuitApp;
				PRODUCT_NAME = "$(TARGET_NAME)";
				VALID_ARCHS = x86_64;
			};
			name = Debug;
		};
		8964D648212BA38400CEF7D7 /* Release */ = {
			isa = XCBuildConfiguration;
			buildSettings = {
				ASSETCATALOG_COMPILER_APPICON_NAME = AppIcon;
				CLANG_ADDRESS_SANITIZER_CONTAINER_OVERFLOW = YES;
				CODE_SIGN_ENTITLEMENTS = CircuitApp/CircuitApp.entitlements;
				CODE_SIGN_STYLE = Automatic;
				COMBINE_HIDPI_IMAGES = YES;
				DEBUG_INFORMATION_FORMAT = "dwarf-with-dsym";
				INFOPLIST_FILE = CircuitApp/Info.plist;
				LD_RUNPATH_SEARCH_PATHS = (
					"$(inherited)",
					"@executable_path/../Frameworks",
				);
				PRODUCT_BUNDLE_IDENTIFIER = com.wangyue.CircuitApp;
				PRODUCT_NAME = "$(TARGET_NAME)";
				VALID_ARCHS = x86_64;
			};
			name = Release;
		};
		896554EE21273F5E00CEF7D7 /* Debug */ = {
			isa = XCBuildConfiguration;
			buildSettings = {
				ALWAYS_SEARCH_USER_PATHS = NO;
				CLANG_ADDRESS_SANITIZER_CONTAINER_OVERFLOW = YES;
				CLANG_ANALYZER_NONNULL = YES;
				CLANG_ANALYZER_NUMBER_OBJECT_CONVERSION = YES_AGGRESSIVE;
				CLANG_CXX_LANGUAGE_STANDARD = "gnu++14";
				CLANG_CXX_LIBRARY = "libc++";
				CLANG_ENABLE_MODULES = YES;
				CLANG_ENABLE_OBJC_ARC = YES;
				CLANG_ENABLE_OBJC_WEAK = YES;
				CLANG_WARN_BLOCK_CAPTURE_AUTORELEASING = YES;
				CLANG_WARN_BOOL_CONVERSION = YES;
				CLANG_WARN_COMMA = YES;
				CLANG_WARN_CONSTANT_CONVERSION = YES;
				CLANG_WARN_DEPRECATED_OBJC_IMPLEMENTATIONS = YES;
				CLANG_WARN_DIRECT_OBJC_ISA_USAGE = YES_ERROR;
				CLANG_WARN_DOCUMENTATION_COMMENTS = YES;
				CLANG_WARN_EMPTY_BODY = YES;
				CLANG_WARN_ENUM_CONVERSION = YES;
				CLANG_WARN_INFINITE_RECURSION = YES;
				CLANG_WARN_INT_CONVERSION = YES;
				CLANG_WARN_NON_LITERAL_NULL_CONVERSION = YES;
				CLANG_WARN_OBJC_IMPLICIT_RETAIN_SELF = YES;
				CLANG_WARN_OBJC_LITERAL_CONVERSION = YES;
				CLANG_WARN_OBJC_ROOT_CLASS = YES_ERROR;
				CLANG_WARN_RANGE_LOOP_ANALYSIS = YES;
				CLANG_WARN_STRICT_PROTOTYPES = YES;
				CLANG_WARN_SUSPICIOUS_MOVE = YES;
				CLANG_WARN_UNGUARDED_AVAILABILITY = YES_AGGRESSIVE;
				CLANG_WARN_UNREACHABLE_CODE = YES;
				CLANG_WARN__DUPLICATE_METHOD_MATCH = YES;
				CODE_SIGN_IDENTITY = "-";
				COPY_PHASE_STRIP = NO;
				DEBUG_INFORMATION_FORMAT = dwarf;
				ENABLE_STRICT_OBJC_MSGSEND = YES;
				ENABLE_TESTABILITY = YES;
				GCC_C_LANGUAGE_STANDARD = gnu11;
				GCC_DYNAMIC_NO_PIC = NO;
				GCC_NO_COMMON_BLOCKS = YES;
				GCC_OPTIMIZATION_LEVEL = 0;
				GCC_PREPROCESSOR_DEFINITIONS = (
					"DEBUG=1",
					"$(inherited)",
				);
				GCC_WARN_64_TO_32_BIT_CONVERSION = YES;
				GCC_WARN_ABOUT_RETURN_TYPE = YES_ERROR;
				GCC_WARN_UNDECLARED_SELECTOR = YES;
				GCC_WARN_UNINITIALIZED_AUTOS = YES_AGGRESSIVE;
				GCC_WARN_UNUSED_FUNCTION = YES;
				GCC_WARN_UNUSED_VARIABLE = YES;
				HEADER_SEARCH_PATHS = "~/homebrew/include";
				LIBRARY_SEARCH_PATHS = "~/homebrew/lib";
				MACOSX_DEPLOYMENT_TARGET = 10.13;
				MTL_ENABLE_DEBUG_INFO = YES;
				ONLY_ACTIVE_ARCH = YES;
				SDKROOT = macosx;
			};
			name = Debug;
		};
		896554EF21273F5E00CEF7D7 /* Release */ = {
			isa = XCBuildConfiguration;
			buildSettings = {
				ALWAYS_SEARCH_USER_PATHS = NO;
				CLANG_ADDRESS_SANITIZER_CONTAINER_OVERFLOW = YES;
				CLANG_ANALYZER_NONNULL = YES;
				CLANG_ANALYZER_NUMBER_OBJECT_CONVERSION = YES_AGGRESSIVE;
				CLANG_CXX_LANGUAGE_STANDARD = "gnu++14";
				CLANG_CXX_LIBRARY = "libc++";
				CLANG_ENABLE_MODULES = YES;
				CLANG_ENABLE_OBJC_ARC = YES;
				CLANG_ENABLE_OBJC_WEAK = YES;
				CLANG_WARN_BLOCK_CAPTURE_AUTORELEASING = YES;
				CLANG_WARN_BOOL_CONVERSION = YES;
				CLANG_WARN_COMMA = YES;
				CLANG_WARN_CONSTANT_CONVERSION = YES;
				CLANG_WARN_DEPRECATED_OBJC_IMPLEMENTATIONS = YES;
				CLANG_WARN_DIRECT_OBJC_ISA_USAGE = YES_ERROR;
				CLANG_WARN_DOCUMENTATION_COMMENTS = YES;
				CLANG_WARN_EMPTY_BODY = YES;
				CLANG_WARN_ENUM_CONVERSION = YES;
				CLANG_WARN_INFINITE_RECURSION = YES;
				CLANG_WARN_INT_CONVERSION = YES;
				CLANG_WARN_NON_LITERAL_NULL_CONVERSION = YES;
				CLANG_WARN_OBJC_IMPLICIT_RETAIN_SELF = YES;
				CLANG_WARN_OBJC_LITERAL_CONVERSION = YES;
				CLANG_WARN_OBJC_ROOT_CLASS = YES_ERROR;
				CLANG_WARN_RANGE_LOOP_ANALYSIS = YES;
				CLANG_WARN_STRICT_PROTOTYPES = YES;
				CLANG_WARN_SUSPICIOUS_MOVE = YES;
				CLANG_WARN_UNGUARDED_AVAILABILITY = YES_AGGRESSIVE;
				CLANG_WARN_UNREACHABLE_CODE = YES;
				CLANG_WARN__DUPLICATE_METHOD_MATCH = YES;
				CODE_SIGN_IDENTITY = "-";
				COPY_PHASE_STRIP = NO;
				DEBUG_INFORMATION_FORMAT = "dwarf-with-dsym";
				ENABLE_NS_ASSERTIONS = NO;
				ENABLE_STRICT_OBJC_MSGSEND = YES;
				GCC_C_LANGUAGE_STANDARD = gnu11;
				GCC_NO_COMMON_BLOCKS = YES;
				GCC_WARN_64_TO_32_BIT_CONVERSION = YES;
				GCC_WARN_ABOUT_RETURN_TYPE = YES_ERROR;
				GCC_WARN_UNDECLARED_SELECTOR = YES;
				GCC_WARN_UNINITIALIZED_AUTOS = YES_AGGRESSIVE;
				GCC_WARN_UNUSED_FUNCTION = YES;
				GCC_WARN_UNUSED_VARIABLE = YES;
				HEADER_SEARCH_PATHS = "~/homebrew/include";
				LIBRARY_SEARCH_PATHS = "~/homebrew/lib";
				MACOSX_DEPLOYMENT_TARGET = 10.13;
				MTL_ENABLE_DEBUG_INFO = NO;
				SDKROOT = macosx;
			};
			name = Release;
		};
/* End XCBuildConfiguration section */

/* Begin XCConfigurationList section */
		8964D646212BA38400CEF7D7 /* Build configuration list for PBXNativeTarget "CircuitApp" */ = {
			isa = XCConfigurationList;
			buildConfigurations = (
				8964D647212BA38400CEF7D7 /* Debug */,
				8964D648212BA38400CEF7D7 /* Release */,
			);
			defaultConfigurationIsVisible = 0;
			defaultConfigurationName = Release;
		};
		896554E421273F5E00CEF7D7 /* Build configuration list for PBXProject "Circuit" */ = {
			isa = XCConfigurationList;
			buildConfigurations = (
				896554EE21273F5E00CEF7D7 /* Debug */,
				896554EF21273F5E00CEF7D7 /* Release */,
			);
			defaultConfigurationIsVisible = 0;
			defaultConfigurationName = Release;
		};
/* End XCConfigurationList section */
	};
	rootObject = 896554E121273F5E00CEF7D7 /* Project object */;
}
